
Microsoft Visual Studio Solution File, Format Version 12.00
Project("{FAE04EC0-301F-11D3-BF4B-00C04F79EFBC}") = "RPGCsharp", "RPGCsharp\RPGCsharp.csproj", "{FD161387-0ECA-4303-BBFC-E3012BE6D6E6}"
EndProject
Global
	GlobalSection(SolutionConfigurationPlatforms) = preSolution
		Debug|Any CPU = Debug|Any CPU
		Release|Any CPU = Release|Any CPU
	EndGlobalSection
	GlobalSection(ProjectConfigurationPlatforms) = postSolution
		{FD161387-0ECA-4303-BBFC-E3012BE6D6E6}.Debug|Any CPU.ActiveCfg = Debug|Any CPU
		{FD161387-0ECA-4303-BBFC-E3012BE6D6E6}.Debug|Any CPU.Build.0 = Debug|Any CPU
		{FD161387-0ECA-4303-BBFC-E3012BE6D6E6}.Release|Any CPU.ActiveCfg = Release|Any CPU
		{FD161387-0ECA-4303-BBFC-E3012BE6D6E6}.Release|Any CPU.Build.0 = Release|Any CPU
	EndGlobalSection
EndGlobal
